
Microsoft Visual Studio Solution File, Format Version 12.00
# Visual Studio 14
VisualStudioVersion = 14.0.24720.0
MinimumVisualStudioVersion = 10.0.40219.1
Project("{FAE04EC0-301F-11D3-BF4B-00C04F79EFBC}") = "CodeGenerator", "CodeGenerator.csproj", "{7B5BB740-8D36-48B0-955D-A54FA56CFC7F}"
EndProject
Project("{FAE04EC0-301F-11D3-BF4B-00C04F79EFBC}") = "ConsoleSnippetGenerator", "..\ConsoleSnippetGenerator\ConsoleSnippetGenerator.csproj", "{0BCE8FF0-7D1C-4DBC-A279-6D64EAA264CF}"
EndProject
Global
	GlobalSection(SolutionConfigurationPlatforms) = preSolution
		Debug|Any CPU = Debug|Any CPU
		Debug|x86 = Debug|x86
		Release|Any CPU = Release|Any CPU
		Release|x86 = Release|x86
	EndGlobalSection
	GlobalSection(ProjectConfigurationPlatforms) = postSolution
		{7B5BB740-8D36-48B0-955D-A54FA56CFC7F}.Debug|Any CPU.ActiveCfg = Debug|x86
		{7B5BB740-8D36-48B0-955D-A54FA56CFC7F}.Debug|Any CPU.Build.0 = Debug|x86
		{7B5BB740-8D36-48B0-955D-A54FA56CFC7F}.Debug|x86.ActiveCfg = Debug|x86
		{7B5BB740-8D36-48B0-955D-A54FA56CFC7F}.Debug|x86.Build.0 = Debug|x86
		{7B5BB740-8D36-48B0-955D-A54FA56CFC7F}.Release|Any CPU.ActiveCfg = Release|x86
		{7B5BB740-8D36-48B0-955D-A54FA56CFC7F}.Release|x86.ActiveCfg = Release|x86
		{7B5BB740-8D36-48B0-955D-A54FA56CFC7F}.Release|x86.Build.0 = Release|x86
		{0BCE8FF0-7D1C-4DBC-A279-6D64EAA264CF}.Debug|Any CPU.ActiveCfg = Debug|Any CPU
		{0BCE8FF0-7D1C-4DBC-A279-6D64EAA264CF}.Debug|Any CPU.Build.0 = Debug|Any CPU
		{0BCE8FF0-7D1C-4DBC-A279-6D64EAA264CF}.Debug|x86.ActiveCfg = Debug|Any CPU
		{0BCE8FF0-7D1C-4DBC-A279-6D64EAA264CF}.Debug|x86.Build.0 = Debug|Any CPU
		{0BCE8FF0-7D1C-4DBC-A279-6D64EAA264CF}.Release|Any CPU.ActiveCfg = Release|Any CPU
		{0BCE8FF0-7D1C-4DBC-A279-6D64EAA264CF}.Release|Any CPU.Build.0 = Release|Any CPU
		{0BCE8FF0-7D1C-4DBC-A279-6D64EAA264CF}.Release|x86.ActiveCfg = Release|Any CPU
		{0BCE8FF0-7D1C-4DBC-A279-6D64EAA264CF}.Release|x86.Build.0 = Release|Any CPU
	EndGlobalSection
	GlobalSection(SolutionProperties) = preSolution
		HideSolutionNode = FALSE
	EndGlobalSection
	GlobalSection(TeamFoundationVersionControl) = preSolution
		SccNumberOfProjects = 3
		SccEnterpriseProvider = {4CA58AB2-18FA-4F8D-95D4-32DDF27D184C}
		SccTeamFoundationServer = http://tfs:8082/defaultcollection
		SccLocalPath0 = .
		SccProjectUniqueName1 = CodeGenerator.csproj
		SccLocalPath1 = .
		SccProjectUniqueName2 = ..\\ConsoleSnippetGenerator\\ConsoleSnippetGenerator.csproj
		SccProjectName2 = ../ConsoleSnippetGenerator
		SccLocalPath2 = ..\\ConsoleSnippetGenerator
	EndGlobalSection
EndGlobal
